// !$*UTF8*$!
{
	archiveVersion = 1;
	classes = {
	};
	objectVersion = 56;
	objects = {

/* Begin PBXBuildFile section */
		A52AD9A62B951B60005D0CC3 /* RoomViewState.swift in Sources */ = {isa = PBXBuildFile; fileRef = A52AD9A52B951B60005D0CC3 /* RoomViewState.swift */; };
		A52AD9A82B951BAF005D0CC3 /* RoomViewModel.swift in Sources */ = {isa = PBXBuildFile; fileRef = A52AD9A72B951BAF005D0CC3 /* RoomViewModel.swift */; };
		A52AD9AA2B952673005D0CC3 /* AccessoryItem.swift in Sources */ = {isa = PBXBuildFile; fileRef = A52AD9A92B952673005D0CC3 /* AccessoryItem.swift */; };
		A52AD9AC2B952AA7005D0CC3 /* IconHelper.swift in Sources */ = {isa = PBXBuildFile; fileRef = A52AD9AB2B952AA7005D0CC3 /* IconHelper.swift */; };
		A52AD9AE2B96611B005D0CC3 /* LightItem.swift in Sources */ = {isa = PBXBuildFile; fileRef = A52AD9AD2B96611B005D0CC3 /* LightItem.swift */; };
		A534FC6A2B8FA73600DFAADB /* NewRoomView.swift in Sources */ = {isa = PBXBuildFile; fileRef = A534FC692B8FA73600DFAADB /* NewRoomView.swift */; };
		A534FC702B8FAA9E00DFAADB /* MyButton.swift in Sources */ = {isa = PBXBuildFile; fileRef = A534FC6F2B8FAA9E00DFAADB /* MyButton.swift */; };
		A534FC722B8FACB800DFAADB /* TextInput.swift in Sources */ = {isa = PBXBuildFile; fileRef = A534FC712B8FACB800DFAADB /* TextInput.swift */; };
		A54F31A32B718BDA0017600B /* lumosApp.swift in Sources */ = {isa = PBXBuildFile; fileRef = A54F31A22B718BDA0017600B /* lumosApp.swift */; };
		A54F31A52B718BDA0017600B /* HomeView.swift in Sources */ = {isa = PBXBuildFile; fileRef = A54F31A42B718BDA0017600B /* HomeView.swift */; };
		A54F31A72B718BDC0017600B /* Assets.xcassets in Resources */ = {isa = PBXBuildFile; fileRef = A54F31A62B718BDC0017600B /* Assets.xcassets */; };
		A54F31AA2B718BDC0017600B /* Preview Assets.xcassets in Resources */ = {isa = PBXBuildFile; fileRef = A54F31A92B718BDC0017600B /* Preview Assets.xcassets */; };
		A54F31C62B718BDC0017600B /* lumos Watch App.app in Embed Watch Content */ = {isa = PBXBuildFile; fileRef = A54F31C52B718BDC0017600B /* lumos Watch App.app */; settings = {ATTRIBUTES = (RemoveHeadersOnCopy, ); }; };
		A54F31CB2B718BDC0017600B /* lumosApp.swift in Sources */ = {isa = PBXBuildFile; fileRef = A54F31CA2B718BDC0017600B /* lumosApp.swift */; };
		A54F31CD2B718BDC0017600B /* ContentView.swift in Sources */ = {isa = PBXBuildFile; fileRef = A54F31CC2B718BDC0017600B /* ContentView.swift */; };
		A54F31CF2B718BDD0017600B /* Assets.xcassets in Resources */ = {isa = PBXBuildFile; fileRef = A54F31CE2B718BDD0017600B /* Assets.xcassets */; };
		A54F31D22B718BDD0017600B /* Preview Assets.xcassets in Resources */ = {isa = PBXBuildFile; fileRef = A54F31D12B718BDD0017600B /* Preview Assets.xcassets */; };
		A55D39C12B93A42A0020B659 /* CircularLoader.swift in Sources */ = {isa = PBXBuildFile; fileRef = A55D39C02B93A42A0020B659 /* CircularLoader.swift */; };
		A55D39C52B948FD60020B659 /* RoomView.swift in Sources */ = {isa = PBXBuildFile; fileRef = A55D39C42B948FD60020B659 /* RoomView.swift */; };
		A55D39C82B9490D30020B659 /* MyColors.swift in Sources */ = {isa = PBXBuildFile; fileRef = A55D39C72B9490D30020B659 /* MyColors.swift */; };
		A55D39CA2B9494380020B659 /* Title.swift in Sources */ = {isa = PBXBuildFile; fileRef = A55D39C92B9494380020B659 /* Title.swift */; };
		A55D39CC2B9497450020B659 /* MyTextButton.swift in Sources */ = {isa = PBXBuildFile; fileRef = A55D39CB2B9497450020B659 /* MyTextButton.swift */; };
		A55D39D32B94A5A10020B659 /* HomeViewModel.swift in Sources */ = {isa = PBXBuildFile; fileRef = A55D39D22B94A5A10020B659 /* HomeViewModel.swift */; };
		A55D39DD2B9504CD0020B659 /* HomeViewState.swift in Sources */ = {isa = PBXBuildFile; fileRef = A55D39DC2B9504CD0020B659 /* HomeViewState.swift */; };
		A55D39E02B950E540020B659 /* NewRoomViewState.swift in Sources */ = {isa = PBXBuildFile; fileRef = A55D39DF2B950E540020B659 /* NewRoomViewState.swift */; };
		A55D39E22B950E7E0020B659 /* NewRoomViewModel.swift in Sources */ = {isa = PBXBuildFile; fileRef = A55D39E12B950E7E0020B659 /* NewRoomViewModel.swift */; };
		A5A7BA822B8D2A3C000B315A /* LumosBody.swift in Sources */ = {isa = PBXBuildFile; fileRef = A5A7BA812B8D2A3C000B315A /* LumosBody.swift */; };
		A5A7BA842B8D2EFC000B315A /* RoomItem.swift in Sources */ = {isa = PBXBuildFile; fileRef = A5A7BA832B8D2EFC000B315A /* RoomItem.swift */; };
		A5A7BA892B8D3F9A000B315A /* WrappingHStack in Frameworks */ = {isa = PBXBuildFile; productRef = A5A7BA882B8D3F9A000B315A /* WrappingHStack */; };
		A5FAC0062B8D1FDC0009F4DB /* HomeManager.swift in Sources */ = {isa = PBXBuildFile; fileRef = A5FAC0052B8D1FDC0009F4DB /* HomeManager.swift */; };
/* End PBXBuildFile section */

/* Begin PBXContainerItemProxy section */
		A54F31C72B718BDC0017600B /* PBXContainerItemProxy */ = {
			isa = PBXContainerItemProxy;
			containerPortal = A54F31972B718BDA0017600B /* Project object */;
			proxyType = 1;
			remoteGlobalIDString = A54F31C42B718BDC0017600B;
			remoteInfo = "lumos Watch App";
		};
/* End PBXContainerItemProxy section */

/* Begin PBXCopyFilesBuildPhase section */
		A54F31EE2B718BDD0017600B /* Embed Watch Content */ = {
			isa = PBXCopyFilesBuildPhase;
			buildActionMask = 2147483647;
			dstPath = "$(CONTENTS_FOLDER_PATH)/Watch";
			dstSubfolderSpec = 16;
			files = (
				A54F31C62B718BDC0017600B /* lumos Watch App.app in Embed Watch Content */,
			);
			name = "Embed Watch Content";
			runOnlyForDeploymentPostprocessing = 0;
		};
/* End PBXCopyFilesBuildPhase section */

/* Begin PBXFileReference section */
		A52AD9A52B951B60005D0CC3 /* RoomViewState.swift */ = {isa = PBXFileReference; lastKnownFileType = sourcecode.swift; path = RoomViewState.swift; sourceTree = "<group>"; };
		A52AD9A72B951BAF005D0CC3 /* RoomViewModel.swift */ = {isa = PBXFileReference; lastKnownFileType = sourcecode.swift; path = RoomViewModel.swift; sourceTree = "<group>"; };
		A52AD9A92B952673005D0CC3 /* AccessoryItem.swift */ = {isa = PBXFileReference; lastKnownFileType = sourcecode.swift; path = AccessoryItem.swift; sourceTree = "<group>"; };
		A52AD9AB2B952AA7005D0CC3 /* IconHelper.swift */ = {isa = PBXFileReference; lastKnownFileType = sourcecode.swift; path = IconHelper.swift; sourceTree = "<group>"; };
		A52AD9AD2B96611B005D0CC3 /* LightItem.swift */ = {isa = PBXFileReference; lastKnownFileType = sourcecode.swift; path = LightItem.swift; sourceTree = "<group>"; };
		A534FC692B8FA73600DFAADB /* NewRoomView.swift */ = {isa = PBXFileReference; lastKnownFileType = sourcecode.swift; path = NewRoomView.swift; sourceTree = "<group>"; };
		A534FC6F2B8FAA9E00DFAADB /* MyButton.swift */ = {isa = PBXFileReference; lastKnownFileType = sourcecode.swift; path = MyButton.swift; sourceTree = "<group>"; };
		A534FC712B8FACB800DFAADB /* TextInput.swift */ = {isa = PBXFileReference; lastKnownFileType = sourcecode.swift; path = TextInput.swift; sourceTree = "<group>"; };
		A54F319F2B718BDA0017600B /* lumos.app */ = {isa = PBXFileReference; explicitFileType = wrapper.application; includeInIndex = 0; path = lumos.app; sourceTree = BUILT_PRODUCTS_DIR; };
		A54F31A22B718BDA0017600B /* lumosApp.swift */ = {isa = PBXFileReference; lastKnownFileType = sourcecode.swift; path = lumosApp.swift; sourceTree = "<group>"; };
		A54F31A42B718BDA0017600B /* HomeView.swift */ = {isa = PBXFileReference; lastKnownFileType = sourcecode.swift; path = HomeView.swift; sourceTree = "<group>"; };
		A54F31A62B718BDC0017600B /* Assets.xcassets */ = {isa = PBXFileReference; lastKnownFileType = folder.assetcatalog; path = Assets.xcassets; sourceTree = "<group>"; };
		A54F31A92B718BDC0017600B /* Preview Assets.xcassets */ = {isa = PBXFileReference; lastKnownFileType = folder.assetcatalog; path = "Preview Assets.xcassets"; sourceTree = "<group>"; };
		A54F31C52B718BDC0017600B /* lumos Watch App.app */ = {isa = PBXFileReference; explicitFileType = wrapper.application; includeInIndex = 0; path = "lumos Watch App.app"; sourceTree = BUILT_PRODUCTS_DIR; };
		A54F31CA2B718BDC0017600B /* lumosApp.swift */ = {isa = PBXFileReference; lastKnownFileType = sourcecode.swift; path = lumosApp.swift; sourceTree = "<group>"; };
		A54F31CC2B718BDC0017600B /* ContentView.swift */ = {isa = PBXFileReference; lastKnownFileType = sourcecode.swift; path = ContentView.swift; sourceTree = "<group>"; };
		A54F31CE2B718BDD0017600B /* Assets.xcassets */ = {isa = PBXFileReference; lastKnownFileType = folder.assetcatalog; path = Assets.xcassets; sourceTree = "<group>"; };
		A54F31D12B718BDD0017600B /* Preview Assets.xcassets */ = {isa = PBXFileReference; lastKnownFileType = folder.assetcatalog; path = "Preview Assets.xcassets"; sourceTree = "<group>"; };
		A55D39C02B93A42A0020B659 /* CircularLoader.swift */ = {isa = PBXFileReference; lastKnownFileType = sourcecode.swift; path = CircularLoader.swift; sourceTree = "<group>"; };
		A55D39C42B948FD60020B659 /* RoomView.swift */ = {isa = PBXFileReference; lastKnownFileType = sourcecode.swift; path = RoomView.swift; sourceTree = "<group>"; };
		A55D39C72B9490D30020B659 /* MyColors.swift */ = {isa = PBXFileReference; lastKnownFileType = sourcecode.swift; path = MyColors.swift; sourceTree = "<group>"; };
		A55D39C92B9494380020B659 /* Title.swift */ = {isa = PBXFileReference; lastKnownFileType = sourcecode.swift; path = Title.swift; sourceTree = "<group>"; };
		A55D39CB2B9497450020B659 /* MyTextButton.swift */ = {isa = PBXFileReference; lastKnownFileType = sourcecode.swift; path = MyTextButton.swift; sourceTree = "<group>"; };
		A55D39D22B94A5A10020B659 /* HomeViewModel.swift */ = {isa = PBXFileReference; lastKnownFileType = sourcecode.swift; path = HomeViewModel.swift; sourceTree = "<group>"; };
		A55D39DC2B9504CD0020B659 /* HomeViewState.swift */ = {isa = PBXFileReference; lastKnownFileType = sourcecode.swift; path = HomeViewState.swift; sourceTree = "<group>"; };
		A55D39DF2B950E540020B659 /* NewRoomViewState.swift */ = {isa = PBXFileReference; lastKnownFileType = sourcecode.swift; path = NewRoomViewState.swift; sourceTree = "<group>"; };
		A55D39E12B950E7E0020B659 /* NewRoomViewModel.swift */ = {isa = PBXFileReference; lastKnownFileType = sourcecode.swift; path = NewRoomViewModel.swift; sourceTree = "<group>"; };
		A5A7BA812B8D2A3C000B315A /* LumosBody.swift */ = {isa = PBXFileReference; lastKnownFileType = sourcecode.swift; path = LumosBody.swift; sourceTree = "<group>"; };
		A5A7BA832B8D2EFC000B315A /* RoomItem.swift */ = {isa = PBXFileReference; lastKnownFileType = sourcecode.swift; path = RoomItem.swift; sourceTree = "<group>"; };
		A5FAC0022B8D15E00009F4DB /* Info.plist */ = {isa = PBXFileReference; lastKnownFileType = text.plist; path = Info.plist; sourceTree = "<group>"; };
		A5FAC0042B8D1CA50009F4DB /* lumos.entitlements */ = {isa = PBXFileReference; lastKnownFileType = text.plist.entitlements; path = lumos.entitlements; sourceTree = "<group>"; };
		A5FAC0052B8D1FDC0009F4DB /* HomeManager.swift */ = {isa = PBXFileReference; lastKnownFileType = sourcecode.swift; path = HomeManager.swift; sourceTree = "<group>"; };
/* End PBXFileReference section */

/* Begin PBXFrameworksBuildPhase section */
		A54F319C2B718BDA0017600B /* Frameworks */ = {
			isa = PBXFrameworksBuildPhase;
			buildActionMask = 2147483647;
			files = (
				A5A7BA892B8D3F9A000B315A /* WrappingHStack in Frameworks */,
			);
			runOnlyForDeploymentPostprocessing = 0;
		};
		A54F31C22B718BDC0017600B /* Frameworks */ = {
			isa = PBXFrameworksBuildPhase;
			buildActionMask = 2147483647;
			files = (
			);
			runOnlyForDeploymentPostprocessing = 0;
		};
/* End PBXFrameworksBuildPhase section */

/* Begin PBXGroup section */
		A52AD9A42B951B53005D0CC3 /* Room */ = {
			isa = PBXGroup;
			children = (
				A52AD9A52B951B60005D0CC3 /* RoomViewState.swift */,
				A52AD9A72B951BAF005D0CC3 /* RoomViewModel.swift */,
			);
			path = Room;
			sourceTree = "<group>";
		};
		A534FC6B2B8FA73D00DFAADB /* Presentation */ = {
			isa = PBXGroup;
			children = (
				A55D39D82B94FC6D0020B659 /* Logic */,
				A55D39C62B9490C60020B659 /* Themes */,
				A5FAC0072B8D20D40009F4DB /* Views */,
				A5A7BA802B8D2A22000B315A /* Components */,
			);
			path = Presentation;
			sourceTree = "<group>";
		};
		A534FC6C2B8FA75400DFAADB /* Domain */ = {
			isa = PBXGroup;
			children = (
				A5FAC0052B8D1FDC0009F4DB /* HomeManager.swift */,
			);
			path = Domain;
			sourceTree = "<group>";
		};
		A54F31962B718BDA0017600B = {
			isa = PBXGroup;
			children = (
				A54F31A12B718BDA0017600B /* lumos */,
				A54F31C92B718BDC0017600B /* lumos Watch App */,
				A54F31A02B718BDA0017600B /* Products */,
			);
			sourceTree = "<group>";
		};
		A54F31A02B718BDA0017600B /* Products */ = {
			isa = PBXGroup;
			children = (
				A54F319F2B718BDA0017600B /* lumos.app */,
				A54F31C52B718BDC0017600B /* lumos Watch App.app */,
			);
			name = Products;
			sourceTree = "<group>";
		};
		A54F31A12B718BDA0017600B /* lumos */ = {
			isa = PBXGroup;
			children = (
				A534FC6C2B8FA75400DFAADB /* Domain */,
				A534FC6B2B8FA73D00DFAADB /* Presentation */,
				A5FAC0042B8D1CA50009F4DB /* lumos.entitlements */,
				A5FAC0022B8D15E00009F4DB /* Info.plist */,
				A54F31A22B718BDA0017600B /* lumosApp.swift */,
				A54F31A62B718BDC0017600B /* Assets.xcassets */,
				A54F31A82B718BDC0017600B /* Preview Content */,
			);
			path = lumos;
			sourceTree = "<group>";
		};
		A54F31A82B718BDC0017600B /* Preview Content */ = {
			isa = PBXGroup;
			children = (
				A54F31A92B718BDC0017600B /* Preview Assets.xcassets */,
			);
			path = "Preview Content";
			sourceTree = "<group>";
		};
		A54F31C92B718BDC0017600B /* lumos Watch App */ = {
			isa = PBXGroup;
			children = (
				A54F31CA2B718BDC0017600B /* lumosApp.swift */,
				A54F31CC2B718BDC0017600B /* ContentView.swift */,
				A54F31CE2B718BDD0017600B /* Assets.xcassets */,
				A54F31D02B718BDD0017600B /* Preview Content */,
			);
			path = "lumos Watch App";
			sourceTree = "<group>";
		};
		A54F31D02B718BDD0017600B /* Preview Content */ = {
			isa = PBXGroup;
			children = (
				A54F31D12B718BDD0017600B /* Preview Assets.xcassets */,
			);
			path = "Preview Content";
			sourceTree = "<group>";
		};
		A55D39C62B9490C60020B659 /* Themes */ = {
			isa = PBXGroup;
			children = (
				A55D39C72B9490D30020B659 /* MyColors.swift */,
				A52AD9AB2B952AA7005D0CC3 /* IconHelper.swift */,
			);
			path = Themes;
			sourceTree = "<group>";
		};
		A55D39D82B94FC6D0020B659 /* Logic */ = {
			isa = PBXGroup;
			children = (
				A52AD9A42B951B53005D0CC3 /* Room */,
				A55D39DE2B950E450020B659 /* NewRoom */,
				A55D39DB2B9504BE0020B659 /* Home */,
			);
			path = Logic;
			sourceTree = "<group>";
		};
		A55D39DB2B9504BE0020B659 /* Home */ = {
			isa = PBXGroup;
			children = (
				A55D39D22B94A5A10020B659 /* HomeViewModel.swift */,
				A55D39DC2B9504CD0020B659 /* HomeViewState.swift */,
			);
			path = Home;
			sourceTree = "<group>";
		};
		A55D39DE2B950E450020B659 /* NewRoom */ = {
			isa = PBXGroup;
			children = (
				A55D39DF2B950E540020B659 /* NewRoomViewState.swift */,
				A55D39E12B950E7E0020B659 /* NewRoomViewModel.swift */,
			);
			path = NewRoom;
			sourceTree = "<group>";
		};
		A5A7BA802B8D2A22000B315A /* Components */ = {
			isa = PBXGroup;
			children = (
				A5A7BA812B8D2A3C000B315A /* LumosBody.swift */,
				A5A7BA832B8D2EFC000B315A /* RoomItem.swift */,
				A534FC6F2B8FAA9E00DFAADB /* MyButton.swift */,
				A534FC712B8FACB800DFAADB /* TextInput.swift */,
				A55D39C02B93A42A0020B659 /* CircularLoader.swift */,
				A55D39C92B9494380020B659 /* Title.swift */,
				A55D39CB2B9497450020B659 /* MyTextButton.swift */,
				A52AD9A92B952673005D0CC3 /* AccessoryItem.swift */,
				A52AD9AD2B96611B005D0CC3 /* LightItem.swift */,
			);
			path = Components;
			sourceTree = "<group>";
		};
		A5FAC0072B8D20D40009F4DB /* Views */ = {
			isa = PBXGroup;
			children = (
				A54F31A42B718BDA0017600B /* HomeView.swift */,
				A534FC692B8FA73600DFAADB /* NewRoomView.swift */,
				A55D39C42B948FD60020B659 /* RoomView.swift */,
			);
			path = Views;
			sourceTree = "<group>";
		};
/* End PBXGroup section */

/* Begin PBXNativeTarget section */
		A54F319E2B718BDA0017600B /* lumos */ = {
			isa = PBXNativeTarget;
			buildConfigurationList = A54F31EF2B718BDD0017600B /* Build configuration list for PBXNativeTarget "lumos" */;
			buildPhases = (
				A54F319B2B718BDA0017600B /* Sources */,
				A54F319C2B718BDA0017600B /* Frameworks */,
				A54F319D2B718BDA0017600B /* Resources */,
				A54F31EE2B718BDD0017600B /* Embed Watch Content */,
			);
			buildRules = (
			);
			dependencies = (
				A54F31C82B718BDC0017600B /* PBXTargetDependency */,
			);
			name = lumos;
			packageProductDependencies = (
				A5A7BA882B8D3F9A000B315A /* WrappingHStack */,
			);
			productName = lumos;
			productReference = A54F319F2B718BDA0017600B /* lumos.app */;
			productType = "com.apple.product-type.application";
		};
		A54F31C42B718BDC0017600B /* lumos Watch App */ = {
			isa = PBXNativeTarget;
			buildConfigurationList = A54F31EB2B718BDD0017600B /* Build configuration list for PBXNativeTarget "lumos Watch App" */;
			buildPhases = (
				A54F31C12B718BDC0017600B /* Sources */,
				A54F31C22B718BDC0017600B /* Frameworks */,
				A54F31C32B718BDC0017600B /* Resources */,
			);
			buildRules = (
			);
			dependencies = (
			);
			name = "lumos Watch App";
			productName = "lumos Watch App";
			productReference = A54F31C52B718BDC0017600B /* lumos Watch App.app */;
			productType = "com.apple.product-type.application";
		};
/* End PBXNativeTarget section */

/* Begin PBXProject section */
		A54F31972B718BDA0017600B /* Project object */ = {
			isa = PBXProject;
			attributes = {
				BuildIndependentTargetsInParallel = 1;
				LastSwiftUpdateCheck = 1520;
				LastUpgradeCheck = 1520;
				TargetAttributes = {
					A54F319E2B718BDA0017600B = {
						CreatedOnToolsVersion = 15.2;
					};
					A54F31C42B718BDC0017600B = {
						CreatedOnToolsVersion = 15.2;
					};
				};
			};
			buildConfigurationList = A54F319A2B718BDA0017600B /* Build configuration list for PBXProject "lumos" */;
			compatibilityVersion = "Xcode 14.0";
			developmentRegion = en;
			hasScannedForEncodings = 0;
			knownRegions = (
				en,
				Base,
			);
			mainGroup = A54F31962B718BDA0017600B;
			packageReferences = (
				A5A7BA872B8D3E8C000B315A /* XCRemoteSwiftPackageReference "WrappingHStack" */,
			);
			productRefGroup = A54F31A02B718BDA0017600B /* Products */;
			projectDirPath = "";
			projectRoot = "";
			targets = (
				A54F319E2B718BDA0017600B /* lumos */,
				A54F31C42B718BDC0017600B /* lumos Watch App */,
			);
		};
/* End PBXProject section */

/* Begin PBXResourcesBuildPhase section */
		A54F319D2B718BDA0017600B /* Resources */ = {
			isa = PBXResourcesBuildPhase;
			buildActionMask = 2147483647;
			files = (
				A54F31AA2B718BDC0017600B /* Preview Assets.xcassets in Resources */,
				A54F31A72B718BDC0017600B /* Assets.xcassets in Resources */,
			);
			runOnlyForDeploymentPostprocessing = 0;
		};
		A54F31C32B718BDC0017600B /* Resources */ = {
			isa = PBXResourcesBuildPhase;
			buildActionMask = 2147483647;
			files = (
				A54F31D22B718BDD0017600B /* Preview Assets.xcassets in Resources */,
				A54F31CF2B718BDD0017600B /* Assets.xcassets in Resources */,
			);
			runOnlyForDeploymentPostprocessing = 0;
		};
/* End PBXResourcesBuildPhase section */

/* Begin PBXSourcesBuildPhase section */
		A54F319B2B718BDA0017600B /* Sources */ = {
			isa = PBXSourcesBuildPhase;
			buildActionMask = 2147483647;
			files = (
				A5A7BA822B8D2A3C000B315A /* LumosBody.swift in Sources */,
				A52AD9AA2B952673005D0CC3 /* AccessoryItem.swift in Sources */,
				A55D39C82B9490D30020B659 /* MyColors.swift in Sources */,
				A55D39DD2B9504CD0020B659 /* HomeViewState.swift in Sources */,
				A55D39E22B950E7E0020B659 /* NewRoomViewModel.swift in Sources */,
				A534FC702B8FAA9E00DFAADB /* MyButton.swift in Sources */,
				A55D39D32B94A5A10020B659 /* HomeViewModel.swift in Sources */,
				A5A7BA842B8D2EFC000B315A /* RoomItem.swift in Sources */,
				A54F31A52B718BDA0017600B /* HomeView.swift in Sources */,
				A5FAC0062B8D1FDC0009F4DB /* HomeManager.swift in Sources */,
				A55D39E02B950E540020B659 /* NewRoomViewState.swift in Sources */,
				A55D39CA2B9494380020B659 /* Title.swift in Sources */,
				A534FC6A2B8FA73600DFAADB /* NewRoomView.swift in Sources */,
				A52AD9AC2B952AA7005D0CC3 /* IconHelper.swift in Sources */,
				A54F31A32B718BDA0017600B /* lumosApp.swift in Sources */,
				A55D39CC2B9497450020B659 /* MyTextButton.swift in Sources */,
				A55D39C52B948FD60020B659 /* RoomView.swift in Sources */,
				A52AD9AE2B96611B005D0CC3 /* LightItem.swift in Sources */,
				A52AD9A62B951B60005D0CC3 /* RoomViewState.swift in Sources */,
				A534FC722B8FACB800DFAADB /* TextInput.swift in Sources */,
				A55D39C12B93A42A0020B659 /* CircularLoader.swift in Sources */,
				A52AD9A82B951BAF005D0CC3 /* RoomViewModel.swift in Sources */,
			);
			runOnlyForDeploymentPostprocessing = 0;
		};
		A54F31C12B718BDC0017600B /* Sources */ = {
			isa = PBXSourcesBuildPhase;
			buildActionMask = 2147483647;
			files = (
				A54F31CD2B718BDC0017600B /* ContentView.swift in Sources */,
				A54F31CB2B718BDC0017600B /* lumosApp.swift in Sources */,
			);
			runOnlyForDeploymentPostprocessing = 0;
		};
/* End PBXSourcesBuildPhase section */

/* Begin PBXTargetDependency section */
		A54F31C82B718BDC0017600B /* PBXTargetDependency */ = {
			isa = PBXTargetDependency;
			target = A54F31C42B718BDC0017600B /* lumos Watch App */;
			targetProxy = A54F31C72B718BDC0017600B /* PBXContainerItemProxy */;
		};
/* End PBXTargetDependency section */

/* Begin XCBuildConfiguration section */
		A54F31E92B718BDD0017600B /* Debug */ = {
			isa = XCBuildConfiguration;
			buildSettings = {
				ALWAYS_SEARCH_USER_PATHS = NO;
				ASSETCATALOG_COMPILER_GENERATE_SWIFT_ASSET_SYMBOL_EXTENSIONS = YES;
				CLANG_ANALYZER_NONNULL = YES;
				CLANG_ANALYZER_NUMBER_OBJECT_CONVERSION = YES_AGGRESSIVE;
				CLANG_CXX_LANGUAGE_STANDARD = "gnu++20";
				CLANG_ENABLE_MODULES = YES;
				CLANG_ENABLE_OBJC_ARC = YES;
				CLANG_ENABLE_OBJC_WEAK = YES;
				CLANG_WARN_BLOCK_CAPTURE_AUTORELEASING = YES;
				CLANG_WARN_BOOL_CONVERSION = YES;
				CLANG_WARN_COMMA = YES;
				CLANG_WARN_CONSTANT_CONVERSION = YES;
				CLANG_WARN_DEPRECATED_OBJC_IMPLEMENTATIONS = YES;
				CLANG_WARN_DIRECT_OBJC_ISA_USAGE = YES_ERROR;
				CLANG_WARN_DOCUMENTATION_COMMENTS = YES;
				CLANG_WARN_EMPTY_BODY = YES;
				CLANG_WARN_ENUM_CONVERSION = YES;
				CLANG_WARN_INFINITE_RECURSION = YES;
				CLANG_WARN_INT_CONVERSION = YES;
				CLANG_WARN_NON_LITERAL_NULL_CONVERSION = YES;
				CLANG_WARN_OBJC_IMPLICIT_RETAIN_SELF = YES;
				CLANG_WARN_OBJC_LITERAL_CONVERSION = YES;
				CLANG_WARN_OBJC_ROOT_CLASS = YES_ERROR;
				CLANG_WARN_QUOTED_INCLUDE_IN_FRAMEWORK_HEADER = YES;
				CLANG_WARN_RANGE_LOOP_ANALYSIS = YES;
				CLANG_WARN_STRICT_PROTOTYPES = YES;
				CLANG_WARN_SUSPICIOUS_MOVE = YES;
				CLANG_WARN_UNGUARDED_AVAILABILITY = YES_AGGRESSIVE;
				CLANG_WARN_UNREACHABLE_CODE = YES;
				CLANG_WARN__DUPLICATE_METHOD_MATCH = YES;
				COPY_PHASE_STRIP = NO;
				DEBUG_INFORMATION_FORMAT = dwarf;
				ENABLE_STRICT_OBJC_MSGSEND = YES;
				ENABLE_TESTABILITY = YES;
				ENABLE_USER_SCRIPT_SANDBOXING = YES;
				GCC_C_LANGUAGE_STANDARD = gnu17;
				GCC_DYNAMIC_NO_PIC = NO;
				GCC_NO_COMMON_BLOCKS = YES;
				GCC_OPTIMIZATION_LEVEL = 0;
				GCC_PREPROCESSOR_DEFINITIONS = (
					"DEBUG=1",
					"$(inherited)",
				);
				GCC_WARN_64_TO_32_BIT_CONVERSION = YES;
				GCC_WARN_ABOUT_RETURN_TYPE = YES_ERROR;
				GCC_WARN_UNDECLARED_SELECTOR = YES;
				GCC_WARN_UNINITIALIZED_AUTOS = YES_AGGRESSIVE;
				GCC_WARN_UNUSED_FUNCTION = YES;
				GCC_WARN_UNUSED_VARIABLE = YES;
				LOCALIZATION_PREFERS_STRING_CATALOGS = YES;
				MTL_ENABLE_DEBUG_INFO = INCLUDE_SOURCE;
				MTL_FAST_MATH = YES;
				ONLY_ACTIVE_ARCH = YES;
				SWIFT_ACTIVE_COMPILATION_CONDITIONS = "DEBUG $(inherited)";
				SWIFT_OPTIMIZATION_LEVEL = "-Onone";
			};
			name = Debug;
		};
		A54F31EA2B718BDD0017600B /* Release */ = {
			isa = XCBuildConfiguration;
			buildSettings = {
				ALWAYS_SEARCH_USER_PATHS = NO;
				ASSETCATALOG_COMPILER_GENERATE_SWIFT_ASSET_SYMBOL_EXTENSIONS = YES;
				CLANG_ANALYZER_NONNULL = YES;
				CLANG_ANALYZER_NUMBER_OBJECT_CONVERSION = YES_AGGRESSIVE;
				CLANG_CXX_LANGUAGE_STANDARD = "gnu++20";
				CLANG_ENABLE_MODULES = YES;
				CLANG_ENABLE_OBJC_ARC = YES;
				CLANG_ENABLE_OBJC_WEAK = YES;
				CLANG_WARN_BLOCK_CAPTURE_AUTORELEASING = YES;
				CLANG_WARN_BOOL_CONVERSION = YES;
				CLANG_WARN_COMMA = YES;
				CLANG_WARN_CONSTANT_CONVERSION = YES;
				CLANG_WARN_DEPRECATED_OBJC_IMPLEMENTATIONS = YES;
				CLANG_WARN_DIRECT_OBJC_ISA_USAGE = YES_ERROR;
				CLANG_WARN_DOCUMENTATION_COMMENTS = YES;
				CLANG_WARN_EMPTY_BODY = YES;
				CLANG_WARN_ENUM_CONVERSION = YES;
				CLANG_WARN_INFINITE_RECURSION = YES;
				CLANG_WARN_INT_CONVERSION = YES;
				CLANG_WARN_NON_LITERAL_NULL_CONVERSION = YES;
				CLANG_WARN_OBJC_IMPLICIT_RETAIN_SELF = YES;
				CLANG_WARN_OBJC_LITERAL_CONVERSION = YES;
				CLANG_WARN_OBJC_ROOT_CLASS = YES_ERROR;
				CLANG_WARN_QUOTED_INCLUDE_IN_FRAMEWORK_HEADER = YES;
				CLANG_WARN_RANGE_LOOP_ANALYSIS = YES;
				CLANG_WARN_STRICT_PROTOTYPES = YES;
				CLANG_WARN_SUSPICIOUS_MOVE = YES;
				CLANG_WARN_UNGUARDED_AVAILABILITY = YES_AGGRESSIVE;
				CLANG_WARN_UNREACHABLE_CODE = YES;
				CLANG_WARN__DUPLICATE_METHOD_MATCH = YES;
				COPY_PHASE_STRIP = NO;
				DEBUG_INFORMATION_FORMAT = "dwarf-with-dsym";
				ENABLE_NS_ASSERTIONS = NO;
				ENABLE_STRICT_OBJC_MSGSEND = YES;
				ENABLE_USER_SCRIPT_SANDBOXING = YES;
				GCC_C_LANGUAGE_STANDARD = gnu17;
				GCC_NO_COMMON_BLOCKS = YES;
				GCC_WARN_64_TO_32_BIT_CONVERSION = YES;
				GCC_WARN_ABOUT_RETURN_TYPE = YES_ERROR;
				GCC_WARN_UNDECLARED_SELECTOR = YES;
				GCC_WARN_UNINITIALIZED_AUTOS = YES_AGGRESSIVE;
				GCC_WARN_UNUSED_FUNCTION = YES;
				GCC_WARN_UNUSED_VARIABLE = YES;
				LOCALIZATION_PREFERS_STRING_CATALOGS = YES;
				MTL_ENABLE_DEBUG_INFO = NO;
				MTL_FAST_MATH = YES;
				SWIFT_COMPILATION_MODE = wholemodule;
			};
			name = Release;
		};
		A54F31EC2B718BDD0017600B /* Debug */ = {
			isa = XCBuildConfiguration;
			buildSettings = {
				ASSETCATALOG_COMPILER_APPICON_NAME = AppIcon;
				ASSETCATALOG_COMPILER_GLOBAL_ACCENT_COLOR_NAME = AccentColor;
				CODE_SIGN_STYLE = Automatic;
				CURRENT_PROJECT_VERSION = 1;
				DEVELOPMENT_ASSET_PATHS = "\"lumos Watch App/Preview Content\"";
				DEVELOPMENT_TEAM = 267F8UQ7GW;
				ENABLE_PREVIEWS = YES;
				GENERATE_INFOPLIST_FILE = YES;
				INFOPLIST_KEY_CFBundleDisplayName = lumos;
				INFOPLIST_KEY_UISupportedInterfaceOrientations = "UIInterfaceOrientationPortrait UIInterfaceOrientationPortraitUpsideDown";
				INFOPLIST_KEY_WKCompanionAppBundleIdentifier = com.joelan.lumos;
				LD_RUNPATH_SEARCH_PATHS = (
					"$(inherited)",
					"@executable_path/Frameworks",
				);
				MARKETING_VERSION = 1.0;
				PRODUCT_BUNDLE_IDENTIFIER = com.joelan.lumos.watchkitapp;
				PRODUCT_NAME = "$(TARGET_NAME)";
				SDKROOT = watchos;
				SKIP_INSTALL = YES;
				SWIFT_EMIT_LOC_STRINGS = YES;
				SWIFT_VERSION = 5.0;
				TARGETED_DEVICE_FAMILY = 4;
				WATCHOS_DEPLOYMENT_TARGET = 10.2;
			};
			name = Debug;
		};
		A54F31ED2B718BDD0017600B /* Release */ = {
			isa = XCBuildConfiguration;
			buildSettings = {
				ASSETCATALOG_COMPILER_APPICON_NAME = AppIcon;
				ASSETCATALOG_COMPILER_GLOBAL_ACCENT_COLOR_NAME = AccentColor;
				CODE_SIGN_STYLE = Automatic;
				CURRENT_PROJECT_VERSION = 1;
				DEVELOPMENT_ASSET_PATHS = "\"lumos Watch App/Preview Content\"";
				DEVELOPMENT_TEAM = 267F8UQ7GW;
				ENABLE_PREVIEWS = YES;
				GENERATE_INFOPLIST_FILE = YES;
				INFOPLIST_KEY_CFBundleDisplayName = lumos;
				INFOPLIST_KEY_UISupportedInterfaceOrientations = "UIInterfaceOrientationPortrait UIInterfaceOrientationPortraitUpsideDown";
				INFOPLIST_KEY_WKCompanionAppBundleIdentifier = com.joelan.lumos;
				LD_RUNPATH_SEARCH_PATHS = (
					"$(inherited)",
					"@executable_path/Frameworks",
				);
				MARKETING_VERSION = 1.0;
				PRODUCT_BUNDLE_IDENTIFIER = com.joelan.lumos.watchkitapp;
				PRODUCT_NAME = "$(TARGET_NAME)";
				SDKROOT = watchos;
				SKIP_INSTALL = YES;
				SWIFT_EMIT_LOC_STRINGS = YES;
				SWIFT_VERSION = 5.0;
				TARGETED_DEVICE_FAMILY = 4;
				VALIDATE_PRODUCT = YES;
				WATCHOS_DEPLOYMENT_TARGET = 10.2;
			};
			name = Release;
		};
		A54F31F02B718BDD0017600B /* Debug */ = {
			isa = XCBuildConfiguration;
			buildSettings = {
				ALWAYS_EMBED_SWIFT_STANDARD_LIBRARIES = YES;
				ASSETCATALOG_COMPILER_APPICON_NAME = AppIcon;
				ASSETCATALOG_COMPILER_GLOBAL_ACCENT_COLOR_NAME = AccentColor;
				CODE_SIGN_ENTITLEMENTS = lumos/lumos.entitlements;
				CODE_SIGN_STYLE = Automatic;
				CURRENT_PROJECT_VERSION = 1;
				DEVELOPMENT_ASSET_PATHS = "\"lumos/Preview Content\"";
				DEVELOPMENT_TEAM = 267F8UQ7GW;
				ENABLE_PREVIEWS = YES;
				GENERATE_INFOPLIST_FILE = YES;
				INFOPLIST_FILE = lumos/Info.plist;
				INFOPLIST_KEY_CFBundleDisplayName = lumos;
				INFOPLIST_KEY_UIApplicationSceneManifest_Generation = YES;
				INFOPLIST_KEY_UIApplicationSupportsIndirectInputEvents = YES;
				INFOPLIST_KEY_UILaunchScreen_Generation = YES;
				INFOPLIST_KEY_UISupportedInterfaceOrientations_iPad = "UIInterfaceOrientationPortrait UIInterfaceOrientationPortraitUpsideDown UIInterfaceOrientationLandscapeLeft UIInterfaceOrientationLandscapeRight";
				INFOPLIST_KEY_UISupportedInterfaceOrientations_iPhone = "UIInterfaceOrientationPortrait UIInterfaceOrientationLandscapeLeft UIInterfaceOrientationLandscapeRight";
				IPHONEOS_DEPLOYMENT_TARGET = 17.2;
				LD_RUNPATH_SEARCH_PATHS = (
					"$(inherited)",
					"@executable_path/Frameworks",
				);
				MARKETING_VERSION = 1.0;
				PRODUCT_BUNDLE_IDENTIFIER = com.joelan.lumos;
				PRODUCT_NAME = "$(TARGET_NAME)";
				SDKROOT = iphoneos;
				SUPPORTED_PLATFORMS = "iphoneos iphonesimulator";
				SUPPORTS_MACCATALYST = NO;
				SUPPORTS_MAC_DESIGNED_FOR_IPHONE_IPAD = NO;
				SUPPORTS_XR_DESIGNED_FOR_IPHONE_IPAD = NO;
				SWIFT_EMIT_LOC_STRINGS = YES;
				SWIFT_VERSION = 5.0;
				TARGETED_DEVICE_FAMILY = 1;
			};
			name = Debug;
		};
		A54F31F12B718BDD0017600B /* Release */ = {
			isa = XCBuildConfiguration;
			buildSettings = {
				ALWAYS_EMBED_SWIFT_STANDARD_LIBRARIES = YES;
				ASSETCATALOG_COMPILER_APPICON_NAME = AppIcon;
				ASSETCATALOG_COMPILER_GLOBAL_ACCENT_COLOR_NAME = AccentColor;
				CODE_SIGN_ENTITLEMENTS = lumos/lumos.entitlements;
				CODE_SIGN_STYLE = Automatic;
				CURRENT_PROJECT_VERSION = 1;
				DEVELOPMENT_ASSET_PATHS = "\"lumos/Preview Content\"";
				DEVELOPMENT_TEAM = 267F8UQ7GW;
				ENABLE_PREVIEWS = YES;
				GENERATE_INFOPLIST_FILE = YES;
				INFOPLIST_FILE = lumos/Info.plist;
				INFOPLIST_KEY_CFBundleDisplayName = lumos;
				INFOPLIST_KEY_UIApplicationSceneManifest_Generation = YES;
				INFOPLIST_KEY_UIApplicationSupportsIndirectInputEvents = YES;
				INFOPLIST_KEY_UILaunchScreen_Generation = YES;
				INFOPLIST_KEY_UISupportedInterfaceOrientations_iPad = "UIInterfaceOrientationPortrait UIInterfaceOrientationPortraitUpsideDown UIInterfaceOrientationLandscapeLeft UIInterfaceOrientationLandscapeRight";
				INFOPLIST_KEY_UISupportedInterfaceOrientations_iPhone = "UIInterfaceOrientationPortrait UIInterfaceOrientationLandscapeLeft UIInterfaceOrientationLandscapeRight";
				IPHONEOS_DEPLOYMENT_TARGET = 17.2;
				LD_RUNPATH_SEARCH_PATHS = (
					"$(inherited)",
					"@executable_path/Frameworks",
				);
				MARKETING_VERSION = 1.0;
				PRODUCT_BUNDLE_IDENTIFIER = com.joelan.lumos;
				PRODUCT_NAME = "$(TARGET_NAME)";
				SDKROOT = iphoneos;
				SUPPORTED_PLATFORMS = "iphoneos iphonesimulator";
				SUPPORTS_MACCATALYST = NO;
				SUPPORTS_MAC_DESIGNED_FOR_IPHONE_IPAD = NO;
				SUPPORTS_XR_DESIGNED_FOR_IPHONE_IPAD = NO;
				SWIFT_EMIT_LOC_STRINGS = YES;
				SWIFT_VERSION = 5.0;
				TARGETED_DEVICE_FAMILY = 1;
				VALIDATE_PRODUCT = YES;
			};
			name = Release;
		};
/* End XCBuildConfiguration section */

/* Begin XCConfigurationList section */
		A54F319A2B718BDA0017600B /* Build configuration list for PBXProject "lumos" */ = {
			isa = XCConfigurationList;
			buildConfigurations = (
				A54F31E92B718BDD0017600B /* Debug */,
				A54F31EA2B718BDD0017600B /* Release */,
			);
			defaultConfigurationIsVisible = 0;
			defaultConfigurationName = Release;
		};
		A54F31EB2B718BDD0017600B /* Build configuration list for PBXNativeTarget "lumos Watch App" */ = {
			isa = XCConfigurationList;
			buildConfigurations = (
				A54F31EC2B718BDD0017600B /* Debug */,
				A54F31ED2B718BDD0017600B /* Release */,
			);
			defaultConfigurationIsVisible = 0;
			defaultConfigurationName = Release;
		};
		A54F31EF2B718BDD0017600B /* Build configuration list for PBXNativeTarget "lumos" */ = {
			isa = XCConfigurationList;
			buildConfigurations = (
				A54F31F02B718BDD0017600B /* Debug */,
				A54F31F12B718BDD0017600B /* Release */,
			);
			defaultConfigurationIsVisible = 0;
			defaultConfigurationName = Release;
		};
/* End XCConfigurationList section */

/* Begin XCRemoteSwiftPackageReference section */
		A5A7BA872B8D3E8C000B315A /* XCRemoteSwiftPackageReference "WrappingHStack" */ = {
			isa = XCRemoteSwiftPackageReference;
			repositoryURL = "https://github.com/dkk/WrappingHStack";
			requirement = {
				kind = upToNextMajorVersion;
				minimumVersion = 2.2.11;
			};
		};
/* End XCRemoteSwiftPackageReference section */

/* Begin XCSwiftPackageProductDependency section */
		A5A7BA882B8D3F9A000B315A /* WrappingHStack */ = {
			isa = XCSwiftPackageProductDependency;
			package = A5A7BA872B8D3E8C000B315A /* XCRemoteSwiftPackageReference "WrappingHStack" */;
			productName = WrappingHStack;
		};
/* End XCSwiftPackageProductDependency section */
	};
	rootObject = A54F31972B718BDA0017600B /* Project object */;
}
